
Microsoft Visual Studio Solution File, Format Version 12.00
# Visual Studio Version 16
VisualStudioVersion = 16.0.30611.23
MinimumVisualStudioVersion = 10.0.40219.1
Project("{FAE04EC0-301F-11D3-BF4B-00C04F79EFBC}") = "ItsTest", "ItsTest\ItsTest.csproj", "{7B3A779E-7DB1-493B-99C1-AE210950E84C}"
EndProject
Global
	GlobalSection(SolutionConfigurationPlatforms) = preSolution
		Debug|Any CPU = Debug|Any CPU
		Release|Any CPU = Release|Any CPU
	EndGlobalSection
	GlobalSection(ProjectConfigurationPlatforms) = postSolution
		{7B3A779E-7DB1-493B-99C1-AE210950E84C}.Debug|Any CPU.ActiveCfg = Debug|Any CPU
		{7B3A779E-7DB1-493B-99C1-AE210950E84C}.Debug|Any CPU.Build.0 = Debug|Any CPU
		{7B3A779E-7DB1-493B-99C1-AE210950E84C}.Release|Any CPU.ActiveCfg = Release|Any CPU
		{7B3A779E-7DB1-493B-99C1-AE210950E84C}.Release|Any CPU.Build.0 = Release|Any CPU
	EndGlobalSection
	GlobalSection(SolutionProperties) = preSolution
		HideSolutionNode = FALSE
	EndGlobalSection
	GlobalSection(ExtensibilityGlobals) = postSolution
		SolutionGuid = {87E7E6F1-CFC3-49B8-BCC1-942F25003075}
	EndGlobalSection
EndGlobal
